// !$*UTF8*$!
{
	archiveVersion = 1;
	classes = {
	};
	objectVersion = 50;
	objects = {

/* Begin PBXBuildFile section */
		75348C2B2427ADC5000A1AB0 /* AppDelegate.m in Sources */ = {isa = PBXBuildFile; fileRef = 75348C2A2427ADC5000A1AB0 /* AppDelegate.m */; };
		75348C2E2427ADC5000A1AB0 /* SceneDelegate.m in Sources */ = {isa = PBXBuildFile; fileRef = 75348C2D2427ADC5000A1AB0 /* SceneDelegate.m */; };
		75348C312427ADC5000A1AB0 /* ViewController.m in Sources */ = {isa = PBXBuildFile; fileRef = 75348C302427ADC5000A1AB0 /* ViewController.m */; };
		75348C342427ADC5000A1AB0 /* Main.storyboard in Resources */ = {isa = PBXBuildFile; fileRef = 75348C322427ADC5000A1AB0 /* Main.storyboard */; };
		75348C362427ADCA000A1AB0 /* Assets.xcassets in Resources */ = {isa = PBXBuildFile; fileRef = 75348C352427ADCA000A1AB0 /* Assets.xcassets */; };
		75348C392427ADCA000A1AB0 /* LaunchScreen.storyboard in Resources */ = {isa = PBXBuildFile; fileRef = 75348C372427ADCA000A1AB0 /* LaunchScreen.storyboard */; };
		75348C3C2427ADCA000A1AB0 /* main.m in Sources */ = {isa = PBXBuildFile; fileRef = 75348C3B2427ADCA000A1AB0 /* main.m */; };
		75348C462427ADCB000A1AB0 /* gitTestTests.m in Sources */ = {isa = PBXBuildFile; fileRef = 75348C452427ADCB000A1AB0 /* gitTestTests.m */; };
		75348C512427ADCB000A1AB0 /* gitTestUITests.m in Sources */ = {isa = PBXBuildFile; fileRef = 75348C502427ADCB000A1AB0 /* gitTestUITests.m */; };
/* End PBXBuildFile section */

/* Begin PBXContainerItemProxy section */
		75348C422427ADCB000A1AB0 /* PBXContainerItemProxy */ = {
			isa = PBXContainerItemProxy;
			containerPortal = 75348C1E2427ADC5000A1AB0 /* Project object */;
			proxyType = 1;
			remoteGlobalIDString = 75348C252427ADC5000A1AB0;
			remoteInfo = gitTest;
		};
		75348C4D2427ADCB000A1AB0 /* PBXContainerItemProxy */ = {
			isa = PBXContainerItemProxy;
			containerPortal = 75348C1E2427ADC5000A1AB0 /* Project object */;
			proxyType = 1;
			remoteGlobalIDString = 75348C252427ADC5000A1AB0;
			remoteInfo = gitTest;
		};
/* End PBXContainerItemProxy section */

/* Begin PBXFileReference section */
		75348C262427ADC5000A1AB0 /* gitTest.app */ = {isa = PBXFileReference; explicitFileType = wrapper.application; includeInIndex = 0; path = gitTest.app; sourceTree = BUILT_PRODUCTS_DIR; };
		75348C292427ADC5000A1AB0 /* AppDelegate.h */ = {isa = PBXFileReference; lastKnownFileType = sourcecode.c.h; path = AppDelegate.h; sourceTree = "<group>"; };
		75348C2A2427ADC5000A1AB0 /* AppDelegate.m */ = {isa = PBXFileReference; lastKnownFileType = sourcecode.c.objc; path = AppDelegate.m; sourceTree = "<group>"; };
		75348C2C2427ADC5000A1AB0 /* SceneDelegate.h */ = {isa = PBXFileReference; lastKnownFileType = sourcecode.c.h; path = SceneDelegate.h; sourceTree = "<group>"; };
		75348C2D2427ADC5000A1AB0 /* SceneDelegate.m */ = {isa = PBXFileReference; lastKnownFileType = sourcecode.c.objc; path = SceneDelegate.m; sourceTree = "<group>"; };
		75348C2F2427ADC5000A1AB0 /* ViewController.h */ = {isa = PBXFileReference; lastKnownFileType = sourcecode.c.h; path = ViewController.h; sourceTree = "<group>"; };
		75348C302427ADC5000A1AB0 /* ViewController.m */ = {isa = PBXFileReference; lastKnownFileType = sourcecode.c.objc; path = ViewController.m; sourceTree = "<group>"; };
		75348C332427ADC5000A1AB0 /* Base */ = {isa = PBXFileReference; lastKnownFileType = file.storyboard; name = Base; path = Base.lproj/Main.storyboard; sourceTree = "<group>"; };
		75348C352427ADCA000A1AB0 /* Assets.xcassets */ = {isa = PBXFileReference; lastKnownFileType = folder.assetcatalog; path = Assets.xcassets; sourceTree = "<group>"; };
		75348C382427ADCA000A1AB0 /* Base */ = {isa = PBXFileReference; lastKnownFileType = file.storyboard; name = Base; path = Base.lproj/LaunchScreen.storyboard; sourceTree = "<group>"; };
		75348C3A2427ADCA000A1AB0 /* Info.plist */ = {isa = PBXFileReference; lastKnownFileType = text.plist.xml; path = Info.plist; sourceTree = "<group>"; };
		75348C3B2427ADCA000A1AB0 /* main.m */ = {isa = PBXFileReference; lastKnownFileType = sourcecode.c.objc; path = main.m; sourceTree = "<group>"; };
		75348C412427ADCB000A1AB0 /* gitTestTests.xctest */ = {isa = PBXFileReference; explicitFileType = wrapper.cfbundle; includeInIndex = 0; path = gitTestTests.xctest; sourceTree = BUILT_PRODUCTS_DIR; };
		75348C452427ADCB000A1AB0 /* gitTestTests.m */ = {isa = PBXFileReference; lastKnownFileType = sourcecode.c.objc; path = gitTestTests.m; sourceTree = "<group>"; };
		75348C472427ADCB000A1AB0 /* Info.plist */ = {isa = PBXFileReference; lastKnownFileType = text.plist.xml; path = Info.plist; sourceTree = "<group>"; };
		75348C4C2427ADCB000A1AB0 /* gitTestUITests.xctest */ = {isa = PBXFileReference; explicitFileType = wrapper.cfbundle; includeInIndex = 0; path = gitTestUITests.xctest; sourceTree = BUILT_PRODUCTS_DIR; };
		75348C502427ADCB000A1AB0 /* gitTestUITests.m */ = {isa = PBXFileReference; lastKnownFileType = sourcecode.c.objc; path = gitTestUITests.m; sourceTree = "<group>"; };
		75348C522427ADCB000A1AB0 /* Info.plist */ = {isa = PBXFileReference; lastKnownFileType = text.plist.xml; path = Info.plist; sourceTree = "<group>"; };
/* End PBXFileReference section */

/* Begin PBXFrameworksBuildPhase section */
		75348C232427ADC5000A1AB0 /* Frameworks */ = {
			isa = PBXFrameworksBuildPhase;
			buildActionMask = 2147483647;
			files = (
			);
			runOnlyForDeploymentPostprocessing = 0;
		};
		75348C3E2427ADCB000A1AB0 /* Frameworks */ = {
			isa = PBXFrameworksBuildPhase;
			buildActionMask = 2147483647;
			files = (
			);
			runOnlyForDeploymentPostprocessing = 0;
		};
		75348C492427ADCB000A1AB0 /* Frameworks */ = {
			isa = PBXFrameworksBuildPhase;
			buildActionMask = 2147483647;
			files = (
			);
			runOnlyForDeploymentPostprocessing = 0;
		};
/* End PBXFrameworksBuildPhase section */

/* Begin PBXGroup section */
		75348C1D2427ADC5000A1AB0 = {
			isa = PBXGroup;
			children = (
				75348C282427ADC5000A1AB0 /* gitTest */,
				75348C442427ADCB000A1AB0 /* gitTestTests */,
				75348C4F2427ADCB000A1AB0 /* gitTestUITests */,
				75348C272427ADC5000A1AB0 /* Products */,
			);
			sourceTree = "<group>";
		};
		75348C272427ADC5000A1AB0 /* Products */ = {
			isa = PBXGroup;
			children = (
				75348C262427ADC5000A1AB0 /* gitTest.app */,
				75348C412427ADCB000A1AB0 /* gitTestTests.xctest */,
				75348C4C2427ADCB000A1AB0 /* gitTestUITests.xctest */,
			);
			name = Products;
			sourceTree = "<group>";
		};
		75348C282427ADC5000A1AB0 /* gitTest */ = {
			isa = PBXGroup;
			children = (
				75348C292427ADC5000A1AB0 /* AppDelegate.h */,
				75348C2A2427ADC5000A1AB0 /* AppDelegate.m */,
				75348C2C2427ADC5000A1AB0 /* SceneDelegate.h */,
				75348C2D2427ADC5000A1AB0 /* SceneDelegate.m */,
				75348C2F2427ADC5000A1AB0 /* ViewController.h */,
				75348C302427ADC5000A1AB0 /* ViewController.m */,
				75348C322427ADC5000A1AB0 /* Main.storyboard */,
				75348C352427ADCA000A1AB0 /* Assets.xcassets */,
				75348C372427ADCA000A1AB0 /* LaunchScreen.storyboard */,
				75348C3A2427ADCA000A1AB0 /* Info.plist */,
				75348C3B2427ADCA000A1AB0 /* main.m */,
			);
			path = gitTest;
			sourceTree = "<group>";
		};
		75348C442427ADCB000A1AB0 /* gitTestTests */ = {
			isa = PBXGroup;
			children = (
				75348C452427ADCB000A1AB0 /* gitTestTests.m */,
				75348C472427ADCB000A1AB0 /* Info.plist */,
			);
			path = gitTestTests;
			sourceTree = "<group>";
		};
		75348C4F2427ADCB000A1AB0 /* gitTestUITests */ = {
			isa = PBXGroup;
			children = (
				75348C502427ADCB000A1AB0 /* gitTestUITests.m */,
				75348C522427ADCB000A1AB0 /* Info.plist */,
			);
			path = gitTestUITests;
			sourceTree = "<group>";
		};
/* End PBXGroup section */

/* Begin PBXNativeTarget section */
		75348C252427ADC5000A1AB0 /* gitTest */ = {
			isa = PBXNativeTarget;
			buildConfigurationList = 75348C552427ADCB000A1AB0 /* Build configuration list for PBXNativeTarget "gitTest" */;
			buildPhases = (
				75348C222427ADC5000A1AB0 /* Sources */,
				75348C232427ADC5000A1AB0 /* Frameworks */,
				75348C242427ADC5000A1AB0 /* Resources */,
			);
			buildRules = (
			);
			dependencies = (
			);
			name = gitTest;
			productName = gitTest;
			productReference = 75348C262427ADC5000A1AB0 /* gitTest.app */;
			productType = "com.apple.product-type.application";
		};
		75348C402427ADCB000A1AB0 /* gitTestTests */ = {
			isa = PBXNativeTarget;
			buildConfigurationList = 75348C582427ADCB000A1AB0 /* Build configuration list for PBXNativeTarget "gitTestTests" */;
			buildPhases = (
				75348C3D2427ADCB000A1AB0 /* Sources */,
				75348C3E2427ADCB000A1AB0 /* Frameworks */,
				75348C3F2427ADCB000A1AB0 /* Resources */,
			);
			buildRules = (
			);
			dependencies = (
				75348C432427ADCB000A1AB0 /* PBXTargetDependency */,
			);
			name = gitTestTests;
			productName = gitTestTests;
			productReference = 75348C412427ADCB000A1AB0 /* gitTestTests.xctest */;
			productType = "com.apple.product-type.bundle.unit-test";
		};
		75348C4B2427ADCB000A1AB0 /* gitTestUITests */ = {
			isa = PBXNativeTarget;
			buildConfigurationList = 75348C5B2427ADCB000A1AB0 /* Build configuration list for PBXNativeTarget "gitTestUITests" */;
			buildPhases = (
				75348C482427ADCB000A1AB0 /* Sources */,
				75348C492427ADCB000A1AB0 /* Frameworks */,
				75348C4A2427ADCB000A1AB0 /* Resources */,
			);
			buildRules = (
			);
			dependencies = (
				75348C4E2427ADCB000A1AB0 /* PBXTargetDependency */,
			);
			name = gitTestUITests;
			productName = gitTestUITests;
			productReference = 75348C4C2427ADCB000A1AB0 /* gitTestUITests.xctest */;
			productType = "com.apple.product-type.bundle.ui-testing";
		};
/* End PBXNativeTarget section */

/* Begin PBXProject section */
		75348C1E2427ADC5000A1AB0 /* Project object */ = {
			isa = PBXProject;
			attributes = {
				LastUpgradeCheck = 1120;
				ORGANIZATIONNAME = Xug520;
				TargetAttributes = {
					75348C252427ADC5000A1AB0 = {
						CreatedOnToolsVersion = 11.2.1;
					};
					75348C402427ADCB000A1AB0 = {
						CreatedOnToolsVersion = 11.2.1;
						TestTargetID = 75348C252427ADC5000A1AB0;
					};
					75348C4B2427ADCB000A1AB0 = {
						CreatedOnToolsVersion = 11.2.1;
						TestTargetID = 75348C252427ADC5000A1AB0;
					};
				};
			};
			buildConfigurationList = 75348C212427ADC5000A1AB0 /* Build configuration list for PBXProject "gitTest" */;
			compatibilityVersion = "Xcode 9.3";
			developmentRegion = en;
			hasScannedForEncodings = 0;
			knownRegions = (
				en,
				Base,
			);
			mainGroup = 75348C1D2427ADC5000A1AB0;
			productRefGroup = 75348C272427ADC5000A1AB0 /* Products */;
			projectDirPath = "";
			projectRoot = "";
			targets = (
				75348C252427ADC5000A1AB0 /* gitTest */,
				75348C402427ADCB000A1AB0 /* gitTestTests */,
				75348C4B2427ADCB000A1AB0 /* gitTestUITests */,
			);
		};
/* End PBXProject section */

/* Begin PBXResourcesBuildPhase section */
		75348C242427ADC5000A1AB0 /* Resources */ = {
			isa = PBXResourcesBuildPhase;
			buildActionMask = 2147483647;
			files = (
				75348C392427ADCA000A1AB0 /* LaunchScreen.storyboard in Resources */,
				75348C362427ADCA000A1AB0 /* Assets.xcassets in Resources */,
				75348C342427ADC5000A1AB0 /* Main.storyboard in Resources */,
			);
			runOnlyForDeploymentPostprocessing = 0;
		};
		75348C3F2427ADCB000A1AB0 /* Resources */ = {
			isa = PBXResourcesBuildPhase;
			buildActionMask = 2147483647;
			files = (
			);
			runOnlyForDeploymentPostprocessing = 0;
		};
		75348C4A2427ADCB000A1AB0 /* Resources */ = {
			isa = PBXResourcesBuildPhase;
			buildActionMask = 2147483647;
			files = (
			);
			runOnlyForDeploymentPostprocessing = 0;
		};
/* End PBXResourcesBuildPhase section */

/* Begin PBXSourcesBuildPhase section */
		75348C222427ADC5000A1AB0 /* Sources */ = {
			isa = PBXSourcesBuildPhase;
			buildActionMask = 2147483647;
			files = (
				75348C312427ADC5000A1AB0 /* ViewController.m in Sources */,
				75348C2B2427ADC5000A1AB0 /* AppDelegate.m in Sources */,
				75348C3C2427ADCA000A1AB0 /* main.m in Sources */,
				75348C2E2427ADC5000A1AB0 /* SceneDelegate.m in Sources */,
			);
			runOnlyForDeploymentPostprocessing = 0;
		};
		75348C3D2427ADCB000A1AB0 /* Sources */ = {
			isa = PBXSourcesBuildPhase;
			buildActionMask = 2147483647;
			files = (
				75348C462427ADCB000A1AB0 /* gitTestTests.m in Sources */,
			);
			runOnlyForDeploymentPostprocessing = 0;
		};
		75348C482427ADCB000A1AB0 /* Sources */ = {
			isa = PBXSourcesBuildPhase;
			buildActionMask = 2147483647;
			files = (
				75348C512427ADCB000A1AB0 /* gitTestUITests.m in Sources */,
			);
			runOnlyForDeploymentPostprocessing = 0;
		};
/* End PBXSourcesBuildPhase section */

/* Begin PBXTargetDependency section */
		75348C432427ADCB000A1AB0 /* PBXTargetDependency */ = {
			isa = PBXTargetDependency;
			target = 75348C252427ADC5000A1AB0 /* gitTest */;
			targetProxy = 75348C422427ADCB000A1AB0 /* PBXContainerItemProxy */;
		};
		75348C4E2427ADCB000A1AB0 /* PBXTargetDependency */ = {
			isa = PBXTargetDependency;
			target = 75348C252427ADC5000A1AB0 /* gitTest */;
			targetProxy = 75348C4D2427ADCB000A1AB0 /* PBXContainerItemProxy */;
		};
/* End PBXTargetDependency section */

/* Begin PBXVariantGroup section */
		75348C322427ADC5000A1AB0 /* Main.storyboard */ = {
			isa = PBXVariantGroup;
			children = (
				75348C332427ADC5000A1AB0 /* Base */,
			);
			name = Main.storyboard;
			sourceTree = "<group>";
		};
		75348C372427ADCA000A1AB0 /* LaunchScreen.storyboard */ = {
			isa = PBXVariantGroup;
			children = (
				75348C382427ADCA000A1AB0 /* Base */,
			);
			name = LaunchScreen.storyboard;
			sourceTree = "<group>";
		};
/* End PBXVariantGroup section */

/* Begin XCBuildConfiguration section */
		75348C532427ADCB000A1AB0 /* Debug */ = {
			isa = XCBuildConfiguration;
			buildSettings = {
				ALWAYS_SEARCH_USER_PATHS = NO;
				CLANG_ANALYZER_NONNULL = YES;
				CLANG_ANALYZER_NUMBER_OBJECT_CONVERSION = YES_AGGRESSIVE;
				CLANG_CXX_LANGUAGE_STANDARD = "gnu++14";
				CLANG_CXX_LIBRARY = "libc++";
				CLANG_ENABLE_MODULES = YES;
				CLANG_ENABLE_OBJC_ARC = YES;
				CLANG_ENABLE_OBJC_WEAK = YES;
				CLANG_WARN_BLOCK_CAPTURE_AUTORELEASING = YES;
				CLANG_WARN_BOOL_CONVERSION = YES;
				CLANG_WARN_COMMA = YES;
				CLANG_WARN_CONSTANT_CONVERSION = YES;
				CLANG_WARN_DEPRECATED_OBJC_IMPLEMENTATIONS = YES;
				CLANG_WARN_DIRECT_OBJC_ISA_USAGE = YES_ERROR;
				CLANG_WARN_DOCUMENTATION_COMMENTS = YES;
				CLANG_WARN_EMPTY_BODY = YES;
				CLANG_WARN_ENUM_CONVERSION = YES;
				CLANG_WARN_INFINITE_RECURSION = YES;
				CLANG_WARN_INT_CONVERSION = YES;
				CLANG_WARN_NON_LITERAL_NULL_CONVERSION = YES;
				CLANG_WARN_OBJC_IMPLICIT_RETAIN_SELF = YES;
				CLANG_WARN_OBJC_LITERAL_CONVERSION = YES;
				CLANG_WARN_OBJC_ROOT_CLASS = YES_ERROR;
				CLANG_WARN_RANGE_LOOP_ANALYSIS = YES;
				CLANG_WARN_STRICT_PROTOTYPES = YES;
				CLANG_WARN_SUSPICIOUS_MOVE = YES;
				CLANG_WARN_UNGUARDED_AVAILABILITY = YES_AGGRESSIVE;
				CLANG_WARN_UNREACHABLE_CODE = YES;
				CLANG_WARN__DUPLICATE_METHOD_MATCH = YES;
				COPY_PHASE_STRIP = NO;
				DEBUG_INFORMATION_FORMAT = dwarf;
				ENABLE_STRICT_OBJC_MSGSEND = YES;
				ENABLE_TESTABILITY = YES;
				GCC_C_LANGUAGE_STANDARD = gnu11;
				GCC_DYNAMIC_NO_PIC = NO;
				GCC_NO_COMMON_BLOCKS = YES;
				GCC_OPTIMIZATION_LEVEL = 0;
				GCC_PREPROCESSOR_DEFINITIONS = (
					"DEBUG=1",
					"$(inherited)",
				);
				GCC_WARN_64_TO_32_BIT_CONVERSION = YES;
				GCC_WARN_ABOUT_RETURN_TYPE = YES_ERROR;
				GCC_WARN_UNDECLARED_SELECTOR = YES;
				GCC_WARN_UNINITIALIZED_AUTOS = YES_AGGRESSIVE;
				GCC_WARN_UNUSED_FUNCTION = YES;
				GCC_WARN_UNUSED_VARIABLE = YES;
				IPHONEOS_DEPLOYMENT_TARGET = 13.2;
				MTL_ENABLE_DEBUG_INFO = INCLUDE_SOURCE;
				MTL_FAST_MATH = YES;
				ONLY_ACTIVE_ARCH = YES;
				SDKROOT = iphoneos;
			};
			name = Debug;
		};
		75348C542427ADCB000A1AB0 /* Release */ = {
			isa = XCBuildConfiguration;
			buildSettings = {
				ALWAYS_SEARCH_USER_PATHS = NO;
				CLANG_ANALYZER_NONNULL = YES;
				CLANG_ANALYZER_NUMBER_OBJECT_CONVERSION = YES_AGGRESSIVE;
				CLANG_CXX_LANGUAGE_STANDARD = "gnu++14";
				CLANG_CXX_LIBRARY = "libc++";
				CLANG_ENABLE_MODULES = YES;
				CLANG_ENABLE_OBJC_ARC = YES;
				CLANG_ENABLE_OBJC_WEAK = YES;
				CLANG_WARN_BLOCK_CAPTURE_AUTORELEASING = YES;
				CLANG_WARN_BOOL_CONVERSION = YES;
				CLANG_WARN_COMMA = YES;
				CLANG_WARN_CONSTANT_CONVERSION = YES;
				CLANG_WARN_DEPRECATED_OBJC_IMPLEMENTATIONS = YES;
				CLANG_WARN_DIRECT_OBJC_ISA_USAGE = YES_ERROR;
				CLANG_WARN_DOCUMENTATION_COMMENTS = YES;
				CLANG_WARN_EMPTY_BODY = YES;
				CLANG_WARN_ENUM_CONVERSION = YES;
				CLANG_WARN_INFINITE_RECURSION = YES;
				CLANG_WARN_INT_CONVERSION = YES;
				CLANG_WARN_NON_LITERAL_NULL_CONVERSION = YES;
				CLANG_WARN_OBJC_IMPLICIT_RETAIN_SELF = YES;
				CLANG_WARN_OBJC_LITERAL_CONVERSION = YES;
				CLANG_WARN_OBJC_ROOT_CLASS = YES_ERROR;
				CLANG_WARN_RANGE_LOOP_ANALYSIS = YES;
				CLANG_WARN_STRICT_PROTOTYPES = YES;
				CLANG_WARN_SUSPICIOUS_MOVE = YES;
				CLANG_WARN_UNGUARDED_AVAILABILITY = YES_AGGRESSIVE;
				CLANG_WARN_UNREACHABLE_CODE = YES;
				CLANG_WARN__DUPLICATE_METHOD_MATCH = YES;
				COPY_PHASE_STRIP = NO;
				DEBUG_INFORMATION_FORMAT = "dwarf-with-dsym";
				ENABLE_NS_ASSERTIONS = NO;
				ENABLE_STRICT_OBJC_MSGSEND = YES;
				GCC_C_LANGUAGE_STANDARD = gnu11;
				GCC_NO_COMMON_BLOCKS = YES;
				GCC_WARN_64_TO_32_BIT_CONVERSION = YES;
				GCC_WARN_ABOUT_RETURN_TYPE = YES_ERROR;
				GCC_WARN_UNDECLARED_SELECTOR = YES;
				GCC_WARN_UNINITIALIZED_AUTOS = YES_AGGRESSIVE;
				GCC_WARN_UNUSED_FUNCTION = YES;
				GCC_WARN_UNUSED_VARIABLE = YES;
				IPHONEOS_DEPLOYMENT_TARGET = 13.2;
				MTL_ENABLE_DEBUG_INFO = NO;
				MTL_FAST_MATH = YES;
				SDKROOT = iphoneos;
				VALIDATE_PRODUCT = YES;
			};
			name = Release;
		};
		75348C562427ADCB000A1AB0 /* Debug */ = {
			isa = XCBuildConfiguration;
			buildSettings = {
				ASSETCATALOG_COMPILER_APPICON_NAME = AppIcon;
				CODE_SIGN_STYLE = Automatic;
				INFOPLIST_FILE = gitTest/Info.plist;
				LD_RUNPATH_SEARCH_PATHS = (
					"$(inherited)",
					"@executable_path/Frameworks",
				);
				PRODUCT_BUNDLE_IDENTIFIER = Xug520.gitTest;
				PRODUCT_NAME = "$(TARGET_NAME)";
				TARGETED_DEVICE_FAMILY = "1,2";
			};
			name = Debug;
		};
		75348C572427ADCB000A1AB0 /* Release */ = {
			isa = XCBuildConfiguration;
			buildSettings = {
				ASSETCATALOG_COMPILER_APPICON_NAME = AppIcon;
				CODE_SIGN_STYLE = Automatic;
				INFOPLIST_FILE = gitTest/Info.plist;
				LD_RUNPATH_SEARCH_PATHS = (
					"$(inherited)",
					"@executable_path/Frameworks",
				);
				PRODUCT_BUNDLE_IDENTIFIER = Xug520.gitTest;
				PRODUCT_NAME = "$(TARGET_NAME)";
				TARGETED_DEVICE_FAMILY = "1,2";
			};
			name = Release;
		};
		75348C592427ADCB000A1AB0 /* Debug */ = {
			isa = XCBuildConfiguration;
			buildSettings = {
				BUNDLE_LOADER = "$(TEST_HOST)";
				CODE_SIGN_STYLE = Automatic;
				INFOPLIST_FILE = gitTestTests/Info.plist;
				IPHONEOS_DEPLOYMENT_TARGET = 13.2;
				LD_RUNPATH_SEARCH_PATHS = (
					"$(inherited)",
					"@executable_path/Frameworks",
					"@loader_path/Frameworks",
				);
				PRODUCT_BUNDLE_IDENTIFIER = Xug520.gitTestTests;
				PRODUCT_NAME = "$(TARGET_NAME)";
				TARGETED_DEVICE_FAMILY = "1,2";
				TEST_HOST = "$(BUILT_PRODUCTS_DIR)/gitTest.app/gitTest";
			};
			name = Debug;
		};
		75348C5A2427ADCB000A1AB0 /* Release */ = {
			isa = XCBuildConfiguration;
			buildSettings = {
				BUNDLE_LOADER = "$(TEST_HOST)";
				CODE_SIGN_STYLE = Automatic;
				INFOPLIST_FILE = gitTestTests/Info.plist;
				IPHONEOS_DEPLOYMENT_TARGET = 13.2;
				LD_RUNPATH_SEARCH_PATHS = (
					"$(inherited)",
					"@executable_path/Frameworks",
					"@loader_path/Frameworks",
				);
				PRODUCT_BUNDLE_IDENTIFIER = Xug520.gitTestTests;
				PRODUCT_NAME = "$(TARGET_NAME)";
				TARGETED_DEVICE_FAMILY = "1,2";
				TEST_HOST = "$(BUILT_PRODUCTS_DIR)/gitTest.app/gitTest";
			};
			name = Release;
		};
		75348C5C2427ADCB000A1AB0 /* Debug */ = {
			isa = XCBuildConfiguration;
			buildSettings = {
				CODE_SIGN_STYLE = Automatic;
				INFOPLIST_FILE = gitTestUITests/Info.plist;
				LD_RUNPATH_SEARCH_PATHS = (
					"$(inherited)",
					"@executable_path/Frameworks",
					"@loader_path/Frameworks",
				);
				PRODUCT_BUNDLE_IDENTIFIER = Xug520.gitTestUITests;
				PRODUCT_NAME = "$(TARGET_NAME)";
				TARGETED_DEVICE_FAMILY = "1,2";
				TEST_TARGET_NAME = gitTest;
			};
			name = Debug;
		};
		75348C5D2427ADCB000A1AB0 /* Release */ = {
			isa = XCBuildConfiguration;
			buildSettings = {
				CODE_SIGN_STYLE = Automatic;
				INFOPLIST_FILE = gitTestUITests/Info.plist;
				LD_RUNPATH_SEARCH_PATHS = (
					"$(inherited)",
					"@executable_path/Frameworks",
					"@loader_path/Frameworks",
				);
				PRODUCT_BUNDLE_IDENTIFIER = Xug520.gitTestUITests;
				PRODUCT_NAME = "$(TARGET_NAME)";
				TARGETED_DEVICE_FAMILY = "1,2";
				TEST_TARGET_NAME = gitTest;
			};
			name = Release;
		};
/* End XCBuildConfiguration section */

/* Begin XCConfigurationList section */
		75348C212427ADC5000A1AB0 /* Build configuration list for PBXProject "gitTest" */ = {
			isa = XCConfigurationList;
			buildConfigurations = (
				75348C532427ADCB000A1AB0 /* Debug */,
				75348C542427ADCB000A1AB0 /* Release */,
			);
			defaultConfigurationIsVisible = 0;
			defaultConfigurationName = Release;
		};
		75348C552427ADCB000A1AB0 /* Build configuration list for PBXNativeTarget "gitTest" */ = {
			isa = XCConfigurationList;
			buildConfigurations = (
				75348C562427ADCB000A1AB0 /* Debug */,
				75348C572427ADCB000A1AB0 /* Release */,
			);
			defaultConfigurationIsVisible = 0;
			defaultConfigurationName = Release;
		};
		75348C582427ADCB000A1AB0 /* Build configuration list for PBXNativeTarget "gitTestTests" */ = {
			isa = XCConfigurationList;
			buildConfigurations = (
				75348C592427ADCB000A1AB0 /* Debug */,
				75348C5A2427ADCB000A1AB0 /* Release */,
			);
			defaultConfigurationIsVisible = 0;
			defaultConfigurationName = Release;
		};
		75348C5B2427ADCB000A1AB0 /* Build configuration list for PBXNativeTarget "gitTestUITests" */ = {
			isa = XCConfigurationList;
			buildConfigurations = (
				75348C5C2427ADCB000A1AB0 /* Debug */,
				75348C5D2427ADCB000A1AB0 /* Release */,
			);
			defaultConfigurationIsVisible = 0;
			defaultConfigurationName = Release;
		};
/* End XCConfigurationList section */
	};
	rootObject = 75348C1E2427ADC5000A1AB0 /* Project object */;
}
